// !$*UTF8*$!
{
	archiveVersion = 1;
	classes = {
	};
	objectVersion = 55;
	objects = {

/* Begin PBXBuildFile section */
		33377B7527A8C5890098967B /* SwiftUIFirebaseChatApp.swift in Sources */ = {isa = PBXBuildFile; fileRef = 33377B7427A8C5890098967B /* SwiftUIFirebaseChatApp.swift */; };
		33377B7727A8C5890098967B /* LoginView.swift in Sources */ = {isa = PBXBuildFile; fileRef = 33377B7627A8C5890098967B /* LoginView.swift */; };
		33377B7927A8C58B0098967B /* Assets.xcassets in Resources */ = {isa = PBXBuildFile; fileRef = 33377B7827A8C58B0098967B /* Assets.xcassets */; };
		33377B7C27A8C58B0098967B /* Preview Assets.xcassets in Resources */ = {isa = PBXBuildFile; fileRef = 33377B7B27A8C58B0098967B /* Preview Assets.xcassets */; };
		3344B43427AA73170000C779 /* ChatLogView.swift in Sources */ = {isa = PBXBuildFile; fileRef = 3344B43327AA73170000C779 /* ChatLogView.swift */; };
		3344B43627AAAC4D0000C779 /* ChatMessage.swift in Sources */ = {isa = PBXBuildFile; fileRef = 3344B43527AAAC4D0000C779 /* ChatMessage.swift */; };
		3344B43827AAACA90000C779 /* FirebaseConstants.swift in Sources */ = {isa = PBXBuildFile; fileRef = 3344B43727AAACA90000C779 /* FirebaseConstants.swift */; };
		3344B43A27AABED20000C779 /* RecentMessage.swift in Sources */ = {isa = PBXBuildFile; fileRef = 3344B43927AABED20000C779 /* RecentMessage.swift */; };
		3344B43D27AABF7E0000C779 /* FirebaseAuth in Frameworks */ = {isa = PBXBuildFile; productRef = 3344B43C27AABF7E0000C779 /* FirebaseAuth */; };
		3344B43F27AABF7E0000C779 /* FirebaseFirestore in Frameworks */ = {isa = PBXBuildFile; productRef = 3344B43E27AABF7E0000C779 /* FirebaseFirestore */; };
		3344B44127AABF7E0000C779 /* FirebaseFirestoreSwift-Beta in Frameworks */ = {isa = PBXBuildFile; productRef = 3344B44027AABF7E0000C779 /* FirebaseFirestoreSwift-Beta */; };
		3344B44327AABF7E0000C779 /* FirebaseStorage in Frameworks */ = {isa = PBXBuildFile; productRef = 3344B44227AABF7E0000C779 /* FirebaseStorage */; };
		3352197C27A947BE00076651 /* MainMessageView.swift in Sources */ = {isa = PBXBuildFile; fileRef = 3352197B27A947BD00076651 /* MainMessageView.swift */; };
		3352197F27A955F200076651 /* FirebaseManager.swift in Sources */ = {isa = PBXBuildFile; fileRef = 3352197E27A955F200076651 /* FirebaseManager.swift */; };
		3352198227A95E0600076651 /* SDWebImageSwiftUI in Frameworks */ = {isa = PBXBuildFile; productRef = 3352198127A95E0600076651 /* SDWebImageSwiftUI */; };
		3352198527A969F000076651 /* ChatUser.swift in Sources */ = {isa = PBXBuildFile; fileRef = 3352198427A969EF00076651 /* ChatUser.swift */; };
		3352198827A9707500076651 /* CreateNewMessageView.swift in Sources */ = {isa = PBXBuildFile; fileRef = 3352198727A9707500076651 /* CreateNewMessageView.swift */; };
		337CE42927A9070A00E73815 /* ImagePicker.swift in Sources */ = {isa = PBXBuildFile; fileRef = 337CE42827A9070A00E73815 /* ImagePicker.swift */; };
		33BF354A27A8DF8300B14DAF /* GoogleService-Info.plist in Resources */ = {isa = PBXBuildFile; fileRef = 33BF354927A8DF8300B14DAF /* GoogleService-Info.plist */; };
/* End PBXBuildFile section */

/* Begin PBXFileReference section */
		33377B7127A8C5890098967B /* SwiftUIFirebaseChat.app */ = {isa = PBXFileReference; explicitFileType = wrapper.application; includeInIndex = 0; path = SwiftUIFirebaseChat.app; sourceTree = BUILT_PRODUCTS_DIR; };
		33377B7427A8C5890098967B /* SwiftUIFirebaseChatApp.swift */ = {isa = PBXFileReference; lastKnownFileType = sourcecode.swift; path = SwiftUIFirebaseChatApp.swift; sourceTree = "<group>"; };
		33377B7627A8C5890098967B /* LoginView.swift */ = {isa = PBXFileReference; lastKnownFileType = sourcecode.swift; path = LoginView.swift; sourceTree = "<group>"; };
		33377B7827A8C58B0098967B /* Assets.xcassets */ = {isa = PBXFileReference; lastKnownFileType = folder.assetcatalog; path = Assets.xcassets; sourceTree = "<group>"; };
		33377B7B27A8C58B0098967B /* Preview Assets.xcassets */ = {isa = PBXFileReference; lastKnownFileType = folder.assetcatalog; path = "Preview Assets.xcassets"; sourceTree = "<group>"; };
		3344B43327AA73170000C779 /* ChatLogView.swift */ = {isa = PBXFileReference; lastKnownFileType = sourcecode.swift; path = ChatLogView.swift; sourceTree = "<group>"; };
		3344B43527AAAC4D0000C779 /* ChatMessage.swift */ = {isa = PBXFileReference; lastKnownFileType = sourcecode.swift; path = ChatMessage.swift; sourceTree = "<group>"; };
		3344B43727AAACA90000C779 /* FirebaseConstants.swift */ = {isa = PBXFileReference; lastKnownFileType = sourcecode.swift; path = FirebaseConstants.swift; sourceTree = "<group>"; };
		3344B43927AABED20000C779 /* RecentMessage.swift */ = {isa = PBXFileReference; lastKnownFileType = sourcecode.swift; path = RecentMessage.swift; sourceTree = "<group>"; };
		3352197B27A947BD00076651 /* MainMessageView.swift */ = {isa = PBXFileReference; lastKnownFileType = sourcecode.swift; path = MainMessageView.swift; sourceTree = "<group>"; };
		3352197E27A955F200076651 /* FirebaseManager.swift */ = {isa = PBXFileReference; lastKnownFileType = sourcecode.swift; path = FirebaseManager.swift; sourceTree = "<group>"; };
		3352198427A969EF00076651 /* ChatUser.swift */ = {isa = PBXFileReference; lastKnownFileType = sourcecode.swift; path = ChatUser.swift; sourceTree = "<group>"; };
		3352198727A9707500076651 /* CreateNewMessageView.swift */ = {isa = PBXFileReference; lastKnownFileType = sourcecode.swift; path = CreateNewMessageView.swift; sourceTree = "<group>"; };
		337CE42827A9070A00E73815 /* ImagePicker.swift */ = {isa = PBXFileReference; lastKnownFileType = sourcecode.swift; path = ImagePicker.swift; sourceTree = "<group>"; };
		33BF354927A8DF8300B14DAF /* GoogleService-Info.plist */ = {isa = PBXFileReference; fileEncoding = 4; lastKnownFileType = text.plist.xml; name = "GoogleService-Info.plist"; path = "../../../../Downloads/GoogleService-Info.plist"; sourceTree = "<group>"; };
/* End PBXFileReference section */

/* Begin PBXFrameworksBuildPhase section */
		33377B6E27A8C5890098967B /* Frameworks */ = {
			isa = PBXFrameworksBuildPhase;
			buildActionMask = 2147483647;
			files = (
				3352198227A95E0600076651 /* SDWebImageSwiftUI in Frameworks */,
				3344B44127AABF7E0000C779 /* FirebaseFirestoreSwift-Beta in Frameworks */,
				3344B43D27AABF7E0000C779 /* FirebaseAuth in Frameworks */,
				3344B44327AABF7E0000C779 /* FirebaseStorage in Frameworks */,
				3344B43F27AABF7E0000C779 /* FirebaseFirestore in Frameworks */,
			);
			runOnlyForDeploymentPostprocessing = 0;
		};
/* End PBXFrameworksBuildPhase section */

/* Begin PBXGroup section */
		33377B6827A8C5890098967B = {
			isa = PBXGroup;
			children = (
				33377B7327A8C5890098967B /* SwiftUIFirebaseChat */,
				33377B7227A8C5890098967B /* Products */,
			);
			sourceTree = "<group>";
		};
		33377B7227A8C5890098967B /* Products */ = {
			isa = PBXGroup;
			children = (
				33377B7127A8C5890098967B /* SwiftUIFirebaseChat.app */,
			);
			name = Products;
			sourceTree = "<group>";
		};
		33377B7327A8C5890098967B /* SwiftUIFirebaseChat */ = {
			isa = PBXGroup;
			children = (
				3352198327A969D000076651 /* Model */,
				3352197D27A955CE00076651 /* Utils */,
				3352197A27A9478F00076651 /* MainMessages */,
				33377B7427A8C5890098967B /* SwiftUIFirebaseChatApp.swift */,
				33377B7627A8C5890098967B /* LoginView.swift */,
				33BF354927A8DF8300B14DAF /* GoogleService-Info.plist */,
				33377B7827A8C58B0098967B /* Assets.xcassets */,
				337CE42827A9070A00E73815 /* ImagePicker.swift */,
				33377B7A27A8C58B0098967B /* Preview Content */,
			);
			path = SwiftUIFirebaseChat;
			sourceTree = "<group>";
		};
		33377B7A27A8C58B0098967B /* Preview Content */ = {
			isa = PBXGroup;
			children = (
				33377B7B27A8C58B0098967B /* Preview Assets.xcassets */,
			);
			path = "Preview Content";
			sourceTree = "<group>";
		};
		3344B43227AA72F90000C779 /* Chat */ = {
			isa = PBXGroup;
			children = (
				3344B43327AA73170000C779 /* ChatLogView.swift */,
			);
			path = Chat;
			sourceTree = "<group>";
		};
		3352197A27A9478F00076651 /* MainMessages */ = {
			isa = PBXGroup;
			children = (
				3344B43227AA72F90000C779 /* Chat */,
				3352198627A9704700076651 /* NewMessage */,
				3352197B27A947BD00076651 /* MainMessageView.swift */,
			);
			path = MainMessages;
			sourceTree = "<group>";
		};
		3352197D27A955CE00076651 /* Utils */ = {
			isa = PBXGroup;
			children = (
				3352197E27A955F200076651 /* FirebaseManager.swift */,
				3344B43727AAACA90000C779 /* FirebaseConstants.swift */,
			);
			path = Utils;
			sourceTree = "<group>";
		};
		3352198327A969D000076651 /* Model */ = {
			isa = PBXGroup;
			children = (
				3352198427A969EF00076651 /* ChatUser.swift */,
				3344B43527AAAC4D0000C779 /* ChatMessage.swift */,
				3344B43927AABED20000C779 /* RecentMessage.swift */,
			);
			path = Model;
			sourceTree = "<group>";
		};
		3352198627A9704700076651 /* NewMessage */ = {
			isa = PBXGroup;
			children = (
				3352198727A9707500076651 /* CreateNewMessageView.swift */,
			);
			path = NewMessage;
			sourceTree = "<group>";
		};
/* End PBXGroup section */

/* Begin PBXNativeTarget section */
		33377B7027A8C5890098967B /* SwiftUIFirebaseChat */ = {
			isa = PBXNativeTarget;
			buildConfigurationList = 33377B7F27A8C58B0098967B /* Build configuration list for PBXNativeTarget "SwiftUIFirebaseChat" */;
			buildPhases = (
				33377B6D27A8C5890098967B /* Sources */,
				33377B6E27A8C5890098967B /* Frameworks */,
				33377B6F27A8C5890098967B /* Resources */,
			);
			buildRules = (
			);
			dependencies = (
			);
			name = SwiftUIFirebaseChat;
			packageProductDependencies = (
				3352198127A95E0600076651 /* SDWebImageSwiftUI */,
				3344B43C27AABF7E0000C779 /* FirebaseAuth */,
				3344B43E27AABF7E0000C779 /* FirebaseFirestore */,
				3344B44027AABF7E0000C779 /* FirebaseFirestoreSwift-Beta */,
				3344B44227AABF7E0000C779 /* FirebaseStorage */,
			);
			productName = SwiftUIFirebaseChat;
			productReference = 33377B7127A8C5890098967B /* SwiftUIFirebaseChat.app */;
			productType = "com.apple.product-type.application";
		};
/* End PBXNativeTarget section */

/* Begin PBXProject section */
		33377B6927A8C5890098967B /* Project object */ = {
			isa = PBXProject;
			attributes = {
				BuildIndependentTargetsInParallel = 1;
				LastSwiftUpdateCheck = 1320;
				LastUpgradeCheck = 1320;
				TargetAttributes = {
					33377B7027A8C5890098967B = {
						CreatedOnToolsVersion = 13.2.1;
					};
				};
			};
			buildConfigurationList = 33377B6C27A8C5890098967B /* Build configuration list for PBXProject "SwiftUIFirebaseChat" */;
			compatibilityVersion = "Xcode 13.0";
			developmentRegion = en;
			hasScannedForEncodings = 0;
			knownRegions = (
				en,
				Base,
			);
			mainGroup = 33377B6827A8C5890098967B;
			packageReferences = (
				3352198027A95E0500076651 /* XCRemoteSwiftPackageReference "SDWebImageSwiftUI" */,
				3344B43B27AABF7E0000C779 /* XCRemoteSwiftPackageReference "firebase-ios-sdk" */,
			);
			productRefGroup = 33377B7227A8C5890098967B /* Products */;
			projectDirPath = "";
			projectRoot = "";
			targets = (
				33377B7027A8C5890098967B /* SwiftUIFirebaseChat */,
			);
		};
/* End PBXProject section */

/* Begin PBXResourcesBuildPhase section */
		33377B6F27A8C5890098967B /* Resources */ = {
			isa = PBXResourcesBuildPhase;
			buildActionMask = 2147483647;
			files = (
				33377B7C27A8C58B0098967B /* Preview Assets.xcassets in Resources */,
				33377B7927A8C58B0098967B /* Assets.xcassets in Resources */,
				33BF354A27A8DF8300B14DAF /* GoogleService-Info.plist in Resources */,
			);
			runOnlyForDeploymentPostprocessing = 0;
		};
/* End PBXResourcesBuildPhase section */

/* Begin PBXSourcesBuildPhase section */
		33377B6D27A8C5890098967B /* Sources */ = {
			isa = PBXSourcesBuildPhase;
			buildActionMask = 2147483647;
			files = (
				3344B43627AAAC4D0000C779 /* ChatMessage.swift in Sources */,
				3352198527A969F000076651 /* ChatUser.swift in Sources */,
				3344B43427AA73170000C779 /* ChatLogView.swift in Sources */,
				337CE42927A9070A00E73815 /* ImagePicker.swift in Sources */,
				3352197C27A947BE00076651 /* MainMessageView.swift in Sources */,
				3352197F27A955F200076651 /* FirebaseManager.swift in Sources */,
				3352198827A9707500076651 /* CreateNewMessageView.swift in Sources */,
				33377B7727A8C5890098967B /* LoginView.swift in Sources */,
				3344B43A27AABED20000C779 /* RecentMessage.swift in Sources */,
				3344B43827AAACA90000C779 /* FirebaseConstants.swift in Sources */,
				33377B7527A8C5890098967B /* SwiftUIFirebaseChatApp.swift in Sources */,
			);
			runOnlyForDeploymentPostprocessing = 0;
		};
/* End PBXSourcesBuildPhase section */

/* Begin XCBuildConfiguration section */
		33377B7D27A8C58B0098967B /* Debug */ = {
			isa = XCBuildConfiguration;
			buildSettings = {
				ALWAYS_SEARCH_USER_PATHS = NO;
				CLANG_ANALYZER_NONNULL = YES;
				CLANG_ANALYZER_NUMBER_OBJECT_CONVERSION = YES_AGGRESSIVE;
				CLANG_CXX_LANGUAGE_STANDARD = "gnu++17";
				CLANG_CXX_LIBRARY = "libc++";
				CLANG_ENABLE_MODULES = YES;
				CLANG_ENABLE_OBJC_ARC = YES;
				CLANG_ENABLE_OBJC_WEAK = YES;
				CLANG_WARN_BLOCK_CAPTURE_AUTORELEASING = YES;
				CLANG_WARN_BOOL_CONVERSION = YES;
				CLANG_WARN_COMMA = YES;
				CLANG_WARN_CONSTANT_CONVERSION = YES;
				CLANG_WARN_DEPRECATED_OBJC_IMPLEMENTATIONS = YES;
				CLANG_WARN_DIRECT_OBJC_ISA_USAGE = YES_ERROR;
				CLANG_WARN_DOCUMENTATION_COMMENTS = YES;
				CLANG_WARN_EMPTY_BODY = YES;
				CLANG_WARN_ENUM_CONVERSION = YES;
				CLANG_WARN_INFINITE_RECURSION = YES;
				CLANG_WARN_INT_CONVERSION = YES;
				CLANG_WARN_NON_LITERAL_NULL_CONVERSION = YES;
				CLANG_WARN_OBJC_IMPLICIT_RETAIN_SELF = YES;
				CLANG_WARN_OBJC_LITERAL_CONVERSION = YES;
				CLANG_WARN_OBJC_ROOT_CLASS = YES_ERROR;
				CLANG_WARN_QUOTED_INCLUDE_IN_FRAMEWORK_HEADER = YES;
				CLANG_WARN_RANGE_LOOP_ANALYSIS = YES;
				CLANG_WARN_STRICT_PROTOTYPES = YES;
				CLANG_WARN_SUSPICIOUS_MOVE = YES;
				CLANG_WARN_UNGUARDED_AVAILABILITY = YES_AGGRESSIVE;
				CLANG_WARN_UNREACHABLE_CODE = YES;
				CLANG_WARN__DUPLICATE_METHOD_MATCH = YES;
				COPY_PHASE_STRIP = NO;
				DEBUG_INFORMATION_FORMAT = dwarf;
				ENABLE_STRICT_OBJC_MSGSEND = YES;
				ENABLE_TESTABILITY = YES;
				GCC_C_LANGUAGE_STANDARD = gnu11;
				GCC_DYNAMIC_NO_PIC = NO;
				GCC_NO_COMMON_BLOCKS = YES;
				GCC_OPTIMIZATION_LEVEL = 0;
				GCC_PREPROCESSOR_DEFINITIONS = (
					"DEBUG=1",
					"$(inherited)",
				);
				GCC_WARN_64_TO_32_BIT_CONVERSION = YES;
				GCC_WARN_ABOUT_RETURN_TYPE = YES_ERROR;
				GCC_WARN_UNDECLARED_SELECTOR = YES;
				GCC_WARN_UNINITIALIZED_AUTOS = YES_AGGRESSIVE;
				GCC_WARN_UNUSED_FUNCTION = YES;
				GCC_WARN_UNUSED_VARIABLE = YES;
				IPHONEOS_DEPLOYMENT_TARGET = 15.2;
				MTL_ENABLE_DEBUG_INFO = INCLUDE_SOURCE;
				MTL_FAST_MATH = YES;
				ONLY_ACTIVE_ARCH = YES;
				SDKROOT = iphoneos;
				SWIFT_ACTIVE_COMPILATION_CONDITIONS = DEBUG;
				SWIFT_OPTIMIZATION_LEVEL = "-Onone";
			};
			name = Debug;
		};
		33377B7E27A8C58B0098967B /* Release */ = {
			isa = XCBuildConfiguration;
			buildSettings = {
				ALWAYS_SEARCH_USER_PATHS = NO;
				CLANG_ANALYZER_NONNULL = YES;
				CLANG_ANALYZER_NUMBER_OBJECT_CONVERSION = YES_AGGRESSIVE;
				CLANG_CXX_LANGUAGE_STANDARD = "gnu++17";
				CLANG_CXX_LIBRARY = "libc++";
				CLANG_ENABLE_MODULES = YES;
				CLANG_ENABLE_OBJC_ARC = YES;
				CLANG_ENABLE_OBJC_WEAK = YES;
				CLANG_WARN_BLOCK_CAPTURE_AUTORELEASING = YES;
				CLANG_WARN_BOOL_CONVERSION = YES;
				CLANG_WARN_COMMA = YES;
				CLANG_WARN_CONSTANT_CONVERSION = YES;
				CLANG_WARN_DEPRECATED_OBJC_IMPLEMENTATIONS = YES;
				CLANG_WARN_DIRECT_OBJC_ISA_USAGE = YES_ERROR;
				CLANG_WARN_DOCUMENTATION_COMMENTS = YES;
				CLANG_WARN_EMPTY_BODY = YES;
				CLANG_WARN_ENUM_CONVERSION = YES;
				CLANG_WARN_INFINITE_RECURSION = YES;
				CLANG_WARN_INT_CONVERSION = YES;
				CLANG_WARN_NON_LITERAL_NULL_CONVERSION = YES;
				CLANG_WARN_OBJC_IMPLICIT_RETAIN_SELF = YES;
				CLANG_WARN_OBJC_LITERAL_CONVERSION = YES;
				CLANG_WARN_OBJC_ROOT_CLASS = YES_ERROR;
				CLANG_WARN_QUOTED_INCLUDE_IN_FRAMEWORK_HEADER = YES;
				CLANG_WARN_RANGE_LOOP_ANALYSIS = YES;
				CLANG_WARN_STRICT_PROTOTYPES = YES;
				CLANG_WARN_SUSPICIOUS_MOVE = YES;
				CLANG_WARN_UNGUARDED_AVAILABILITY = YES_AGGRESSIVE;
				CLANG_WARN_UNREACHABLE_CODE = YES;
				CLANG_WARN__DUPLICATE_METHOD_MATCH = YES;
				COPY_PHASE_STRIP = NO;
				DEBUG_INFORMATION_FORMAT = "dwarf-with-dsym";
				ENABLE_NS_ASSERTIONS = NO;
				ENABLE_STRICT_OBJC_MSGSEND = YES;
				GCC_C_LANGUAGE_STANDARD = gnu11;
				GCC_NO_COMMON_BLOCKS = YES;
				GCC_WARN_64_TO_32_BIT_CONVERSION = YES;
				GCC_WARN_ABOUT_RETURN_TYPE = YES_ERROR;
				GCC_WARN_UNDECLARED_SELECTOR = YES;
				GCC_WARN_UNINITIALIZED_AUTOS = YES_AGGRESSIVE;
				GCC_WARN_UNUSED_FUNCTION = YES;
				GCC_WARN_UNUSED_VARIABLE = YES;
				IPHONEOS_DEPLOYMENT_TARGET = 15.2;
				MTL_ENABLE_DEBUG_INFO = NO;
				MTL_FAST_MATH = YES;
				SDKROOT = iphoneos;
				SWIFT_COMPILATION_MODE = wholemodule;
				SWIFT_OPTIMIZATION_LEVEL = "-O";
				VALIDATE_PRODUCT = YES;
			};
			name = Release;
		};
		33377B8027A8C58B0098967B /* Debug */ = {
			isa = XCBuildConfiguration;
			buildSettings = {
				ASSETCATALOG_COMPILER_APPICON_NAME = AppIcon;
				ASSETCATALOG_COMPILER_GLOBAL_ACCENT_COLOR_NAME = AccentColor;
				CODE_SIGN_STYLE = Automatic;
				CURRENT_PROJECT_VERSION = 1;
				DEVELOPMENT_ASSET_PATHS = "\"SwiftUIFirebaseChat/Preview Content\"";
				DEVELOPMENT_TEAM = AQX24PR767;
				ENABLE_PREVIEWS = YES;
				GENERATE_INFOPLIST_FILE = YES;
				INFOPLIST_KEY_UIApplicationSceneManifest_Generation = YES;
				INFOPLIST_KEY_UIApplicationSupportsIndirectInputEvents = YES;
				INFOPLIST_KEY_UILaunchScreen_Generation = YES;
				INFOPLIST_KEY_UISupportedInterfaceOrientations_iPad = "UIInterfaceOrientationPortrait UIInterfaceOrientationPortraitUpsideDown UIInterfaceOrientationLandscapeLeft UIInterfaceOrientationLandscapeRight";
				INFOPLIST_KEY_UISupportedInterfaceOrientations_iPhone = "UIInterfaceOrientationPortrait UIInterfaceOrientationLandscapeLeft UIInterfaceOrientationLandscapeRight";
				LD_RUNPATH_SEARCH_PATHS = (
					"$(inherited)",
					"@executable_path/Frameworks",
				);
				MARKETING_VERSION = 1.0;
				PRODUCT_BUNDLE_IDENTIFIER = com.lbta.SwiftUIFirebaseChat;
				PRODUCT_NAME = "$(TARGET_NAME)";
				SWIFT_EMIT_LOC_STRINGS = YES;
				SWIFT_VERSION = 5.0;
				TARGETED_DEVICE_FAMILY = "1,2";
			};
			name = Debug;
		};
		33377B8127A8C58B0098967B /* Release */ = {
			isa = XCBuildConfiguration;
			buildSettings = {
				ASSETCATALOG_COMPILER_APPICON_NAME = AppIcon;
				ASSETCATALOG_COMPILER_GLOBAL_ACCENT_COLOR_NAME = AccentColor;
				CODE_SIGN_STYLE = Automatic;
				CURRENT_PROJECT_VERSION = 1;
				DEVELOPMENT_ASSET_PATHS = "\"SwiftUIFirebaseChat/Preview Content\"";
				DEVELOPMENT_TEAM = AQX24PR767;
				ENABLE_PREVIEWS = YES;
				GENERATE_INFOPLIST_FILE = YES;
				INFOPLIST_KEY_UIApplicationSceneManifest_Generation = YES;
				INFOPLIST_KEY_UIApplicationSupportsIndirectInputEvents = YES;
				INFOPLIST_KEY_UILaunchScreen_Generation = YES;
				INFOPLIST_KEY_UISupportedInterfaceOrientations_iPad = "UIInterfaceOrientationPortrait UIInterfaceOrientationPortraitUpsideDown UIInterfaceOrientationLandscapeLeft UIInterfaceOrientationLandscapeRight";
				INFOPLIST_KEY_UISupportedInterfaceOrientations_iPhone = "UIInterfaceOrientationPortrait UIInterfaceOrientationLandscapeLeft UIInterfaceOrientationLandscapeRight";
				LD_RUNPATH_SEARCH_PATHS = (
					"$(inherited)",
					"@executable_path/Frameworks",
				);
				MARKETING_VERSION = 1.0;
				PRODUCT_BUNDLE_IDENTIFIER = com.lbta.SwiftUIFirebaseChat;
				PRODUCT_NAME = "$(TARGET_NAME)";
				SWIFT_EMIT_LOC_STRINGS = YES;
				SWIFT_VERSION = 5.0;
				TARGETED_DEVICE_FAMILY = "1,2";
			};
			name = Release;
		};
/* End XCBuildConfiguration section */

/* Begin XCConfigurationList section */
		33377B6C27A8C5890098967B /* Build configuration list for PBXProject "SwiftUIFirebaseChat" */ = {
			isa = XCConfigurationList;
			buildConfigurations = (
				33377B7D27A8C58B0098967B /* Debug */,
				33377B7E27A8C58B0098967B /* Release */,
			);
			defaultConfigurationIsVisible = 0;
			defaultConfigurationName = Release;
		};
		33377B7F27A8C58B0098967B /* Build configuration list for PBXNativeTarget "SwiftUIFirebaseChat" */ = {
			isa = XCConfigurationList;
			buildConfigurations = (
				33377B8027A8C58B0098967B /* Debug */,
				33377B8127A8C58B0098967B /* Release */,
			);
			defaultConfigurationIsVisible = 0;
			defaultConfigurationName = Release;
		};
/* End XCConfigurationList section */

/* Begin XCRemoteSwiftPackageReference section */
		3344B43B27AABF7E0000C779 /* XCRemoteSwiftPackageReference "firebase-ios-sdk" */ = {
			isa = XCRemoteSwiftPackageReference;
			repositoryURL = "https://github.com/firebase/firebase-ios-sdk.git";
			requirement = {
				kind = upToNextMajorVersion;
				minimumVersion = 8.0.0;
			};
		};
		3352198027A95E0500076651 /* XCRemoteSwiftPackageReference "SDWebImageSwiftUI" */ = {
			isa = XCRemoteSwiftPackageReference;
			repositoryURL = "https://github.com/SDWebImage/SDWebImageSwiftUI";
			requirement = {
				kind = upToNextMajorVersion;
				minimumVersion = 2.0.0;
			};
		};
/* End XCRemoteSwiftPackageReference section */

/* Begin XCSwiftPackageProductDependency section */
		3344B43C27AABF7E0000C779 /* FirebaseAuth */ = {
			isa = XCSwiftPackageProductDependency;
			package = 3344B43B27AABF7E0000C779 /* XCRemoteSwiftPackageReference "firebase-ios-sdk" */;
			productName = FirebaseAuth;
		};
		3344B43E27AABF7E0000C779 /* FirebaseFirestore */ = {
			isa = XCSwiftPackageProductDependency;
			package = 3344B43B27AABF7E0000C779 /* XCRemoteSwiftPackageReference "firebase-ios-sdk" */;
			productName = FirebaseFirestore;
		};
		3344B44027AABF7E0000C779 /* FirebaseFirestoreSwift-Beta */ = {
			isa = XCSwiftPackageProductDependency;
			package = 3344B43B27AABF7E0000C779 /* XCRemoteSwiftPackageReference "firebase-ios-sdk" */;
			productName = "FirebaseFirestoreSwift-Beta";
		};
		3344B44227AABF7E0000C779 /* FirebaseStorage */ = {
			isa = XCSwiftPackageProductDependency;
			package = 3344B43B27AABF7E0000C779 /* XCRemoteSwiftPackageReference "firebase-ios-sdk" */;
			productName = FirebaseStorage;
		};
		3352198127A95E0600076651 /* SDWebImageSwiftUI */ = {
			isa = XCSwiftPackageProductDependency;
			package = 3352198027A95E0500076651 /* XCRemoteSwiftPackageReference "SDWebImageSwiftUI" */;
			productName = SDWebImageSwiftUI;
		};
/* End XCSwiftPackageProductDependency section */
	};
	rootObject = 33377B6927A8C5890098967B /* Project object */;
}
